PODS:
  - Flutter (1.0.0)
  - recaptcha_enterprise_flutter (18.2.1):
    - Flutter
    - RecaptchaEnterprise (= 18.2.0)
  - RecaptchaEnterprise (18.2.0):
    - RecaptchaInterop (~> 18.2.0)
  - RecaptchaInterop (18.2.0)

DEPENDENCIES:
  - Flutter (from `Flutter`)
  - recaptcha_enterprise_flutter (from `.symlinks/plugins/recaptcha_enterprise_flutter/ios`)

SPEC REPOS:
  trunk:
    - RecaptchaEnterprise
    - RecaptchaInterop

EXTERNAL SOURCES:
  Flutter:
    :path: Flutter
  recaptcha_enterprise_flutter:
    :path: ".symlinks/plugins/recaptcha_enterprise_flutter/ios"

SPEC CHECKSUMS:
  Flutter: f04841e97a9d0b0a8025694d0796dd46242b2854
  recaptcha_enterprise_flutter: 2114a38b41642ac1b0f10dc2f7c26c27bea902e5
  RecaptchaEnterprise: 56ceddf76a1c2fe23914d87081afa10f39cab099
  RecaptchaInterop: 6e5bca275f90cab07ca038bbe528bbdb0e2a7565

PODFILE CHECKSUM: 70d9d25280d0dd177a5f637cdb0f0b0b12c6a189

COCOAPODS: 1.12.1
